
Microsoft Visual Studio Solution File, Format Version 12.00
# Visual Studio Version 17
VisualStudioVersion = 17.13.35919.96 d17.13
MinimumVisualStudioVersion = 10.0.40219.1
Project("{FAE04EC0-301F-11D3-BF4B-00C04F79EFBC}") = "ControlGastos", "ControlGastos.csproj", "{89B2DD96-65A3-4F61-9C35-DB887BE10F3C}"
EndProject
Global
	GlobalSection(SolutionConfigurationPlatforms) = preSolution
		Debug|Any CPU = Debug|Any CPU
		Release|Any CPU = Release|Any CPU
	EndGlobalSection
	GlobalSection(ProjectConfigurationPlatforms) = postSolution
		{89B2DD96-65A3-4F61-9C35-DB887BE10F3C}.Debug|Any CPU.ActiveCfg = Debug|Any CPU
		{89B2DD96-65A3-4F61-9C35-DB887BE10F3C}.Debug|Any CPU.Build.0 = Debug|Any CPU
		{89B2DD96-65A3-4F61-9C35-DB887BE10F3C}.Release|Any CPU.ActiveCfg = Release|Any CPU
		{89B2DD96-65A3-4F61-9C35-DB887BE10F3C}.Release|Any CPU.Build.0 = Release|Any CPU
	EndGlobalSection
	GlobalSection(SolutionProperties) = preSolution
		HideSolutionNode = FALSE
	EndGlobalSection
	GlobalSection(ExtensibilityGlobals) = postSolution
		SolutionGuid = {5033BFF3-5793-40B0-98FB-039EAB268514}
	EndGlobalSection
EndGlobal
